
Microsoft Visual Studio Solution File, Format Version 12.00
# Visual Studio Version 16
VisualStudioVersion = 16.0.31624.102
MinimumVisualStudioVersion = 10.0.40219.1
Project("{9A19103F-16F7-4668-BE54-9A1E7A4F7556}") = "ReadExcelWebMVC", "ReadExcelWebMVC.csproj", "{F7F3B741-BC38-4C24-A337-AE18E068DBC2}"
EndProject
Global
	GlobalSection(SolutionConfigurationPlatforms) = preSolution
		Debug|Any CPU = Debug|Any CPU
		Release|Any CPU = Release|Any CPU
	EndGlobalSection
	GlobalSection(ProjectConfigurationPlatforms) = postSolution
		{F7F3B741-BC38-4C24-A337-AE18E068DBC2}.Debug|Any CPU.ActiveCfg = Debug|Any CPU
		{F7F3B741-BC38-4C24-A337-AE18E068DBC2}.Debug|Any CPU.Build.0 = Debug|Any CPU
		{F7F3B741-BC38-4C24-A337-AE18E068DBC2}.Release|Any CPU.ActiveCfg = Release|Any CPU
		{F7F3B741-BC38-4C24-A337-AE18E068DBC2}.Release|Any CPU.Build.0 = Release|Any CPU
	EndGlobalSection
	GlobalSection(SolutionProperties) = preSolution
		HideSolutionNode = FALSE
	EndGlobalSection
	GlobalSection(ExtensibilityGlobals) = postSolution
		SolutionGuid = {3A0322AD-485D-46B1-8BA3-CDCC3328D629}
	EndGlobalSection
EndGlobal
